// !$*UTF8*$!
{
	archiveVersion = 1;
	classes = {};
	objectVersion = 60;
	objects = {

/* Begin PBXBuildFile section */
		A10000000000000000000001 /* WeaveIOSApp.swift in Sources */ = {isa = PBXBuildFile; fileRef = A20000000000000000000001 /* WeaveIOSApp.swift */; };
		A10000000000000000000002 /* AppModel.swift in Sources */ = {isa = PBXBuildFile; fileRef = A20000000000000000000002 /* AppModel.swift */; };
		A10000000000000000000003 /* RootView.swift in Sources */ = {isa = PBXBuildFile; fileRef = A20000000000000000000003 /* RootView.swift */; };
		A10000000000000000000004 /* MonetGlass.swift in Sources */ = {isa = PBXBuildFile; fileRef = A20000000000000000000004 /* MonetGlass.swift */; };
		A10000000000000000000005 /* TunnelManager.swift in Sources */ = {isa = PBXBuildFile; fileRef = A20000000000000000000005 /* TunnelManager.swift */; };
		A10000000000000000000006 /* QRCodeServices.swift in Sources */ = {isa = PBXBuildFile; fileRef = A20000000000000000000006 /* QRCodeServices.swift */; };
		A10000000000000000000007 /* ConnectionView.swift in Sources */ = {isa = PBXBuildFile; fileRef = A20000000000000000000007 /* ConnectionView.swift */; };
		A10000000000000000000008 /* RoutingView.swift in Sources */ = {isa = PBXBuildFile; fileRef = A20000000000000000000008 /* RoutingView.swift */; };
		A10000000000000000000009 /* SubscriptionsView.swift in Sources */ = {isa = PBXBuildFile; fileRef = A20000000000000000000009 /* SubscriptionsView.swift */; };
		A1000000000000000000000A /* SettingsView.swift in Sources */ = {isa = PBXBuildFile; fileRef = A2000000000000000000000A /* SettingsView.swift */; };
		A1000000000000000000000B /* Assets.xcassets in Resources */ = {isa = PBXBuildFile; fileRef = A2000000000000000000000B /* Assets.xcassets */; };
		A1000000000000000000000C /* PacketTunnelProvider.swift in Sources */ = {isa = PBXBuildFile; fileRef = A2000000000000000000000C /* PacketTunnelProvider.swift */; };
		A1000000000000000000000D /* MobileCoreBridge.swift in Sources */ = {isa = PBXBuildFile; fileRef = A2000000000000000000000D /* MobileCoreBridge.swift */; };
		A1000000000000000000000E /* WeavePacketTunnel.appex in Embed App Extensions */ = {isa = PBXBuildFile; fileRef = A20000000000000000000012 /* WeavePacketTunnel.appex */; settings = {ATTRIBUTES = (RemoveHeadersOnCopy, CodeSignOnCopy, ); }; };
		A1000000000000000000000F /* WeaveCore in Frameworks */ = {isa = PBXBuildFile; productRef = AA0000000000000000000001 /* WeaveCore */; };
		A10000000000000000000010 /* WeaveCore in Frameworks */ = {isa = PBXBuildFile; productRef = AA0000000000000000000002 /* WeaveCore */; };
		A10000000000000000000011 /* NetworkExtension.framework in Frameworks */ = {isa = PBXBuildFile; fileRef = A20000000000000000000013 /* NetworkExtension.framework */; };
		A10000000000000000000012 /* NetworkExtension.framework in Frameworks */ = {isa = PBXBuildFile; fileRef = A20000000000000000000013 /* NetworkExtension.framework */; };
		A10000000000000000000013 /* VisionKit.framework in Frameworks */ = {isa = PBXBuildFile; fileRef = A20000000000000000000014 /* VisionKit.framework */; };
		A10000000000000000000014 /* Vision.framework in Frameworks */ = {isa = PBXBuildFile; fileRef = A20000000000000000000015 /* Vision.framework */; };
		A10000000000000000000015 /* PhotosUI.framework in Frameworks */ = {isa = PBXBuildFile; fileRef = A20000000000000000000016 /* PhotosUI.framework */; };
		A10000000000000000000016 /* CoreImage.framework in Frameworks */ = {isa = PBXBuildFile; fileRef = A20000000000000000000017 /* CoreImage.framework */; };
/* End PBXBuildFile section */

/* Begin PBXContainerItemProxy section */
		A30000000000000000000001 /* PBXContainerItemProxy */ = {
			isa = PBXContainerItemProxy;
			containerPortal = A40000000000000000000001 /* Project object */;
			proxyType = 1;
			remoteGlobalIDString = A50000000000000000000002;
			remoteInfo = WeavePacketTunnel;
		};
/* End PBXContainerItemProxy section */

/* Begin PBXCopyFilesBuildPhase section */
		A60000000000000000000001 /* Embed App Extensions */ = {
			isa = PBXCopyFilesBuildPhase;
			buildActionMask = 2147483647;
			dstPath = "";
			dstSubfolderSpec = 13;
			files = (A1000000000000000000000E /* WeavePacketTunnel.appex in Embed App Extensions */, );
			name = "Embed App Extensions";
			runOnlyForDeploymentPostprocessing = 0;
		};
/* End PBXCopyFilesBuildPhase section */

/* Begin PBXFileReference section */
		A20000000000000000000001 /* WeaveIOSApp.swift */ = {isa = PBXFileReference; lastKnownFileType = sourcecode.swift; path = Sources/WeaveIOSApp.swift; sourceTree = "<group>"; };
		A20000000000000000000002 /* AppModel.swift */ = {isa = PBXFileReference; lastKnownFileType = sourcecode.swift; path = Sources/AppModel.swift; sourceTree = "<group>"; };
		A20000000000000000000003 /* RootView.swift */ = {isa = PBXFileReference; lastKnownFileType = sourcecode.swift; path = Sources/RootView.swift; sourceTree = "<group>"; };
		A20000000000000000000004 /* MonetGlass.swift */ = {isa = PBXFileReference; lastKnownFileType = sourcecode.swift; path = Sources/Design/MonetGlass.swift; sourceTree = "<group>"; };
		A20000000000000000000005 /* TunnelManager.swift */ = {isa = PBXFileReference; lastKnownFileType = sourcecode.swift; path = Sources/Services/TunnelManager.swift; sourceTree = "<group>"; };
		A20000000000000000000006 /* QRCodeServices.swift */ = {isa = PBXFileReference; lastKnownFileType = sourcecode.swift; path = Sources/Services/QRCodeServices.swift; sourceTree = "<group>"; };
		A20000000000000000000007 /* ConnectionView.swift */ = {isa = PBXFileReference; lastKnownFileType = sourcecode.swift; path = Sources/Views/ConnectionView.swift; sourceTree = "<group>"; };
		A20000000000000000000008 /* RoutingView.swift */ = {isa = PBXFileReference; lastKnownFileType = sourcecode.swift; path = Sources/Views/RoutingView.swift; sourceTree = "<group>"; };
		A20000000000000000000009 /* SubscriptionsView.swift */ = {isa = PBXFileReference; lastKnownFileType = sourcecode.swift; path = Sources/Views/SubscriptionsView.swift; sourceTree = "<group>"; };
		A2000000000000000000000A /* SettingsView.swift */ = {isa = PBXFileReference; lastKnownFileType = sourcecode.swift; path = Sources/Views/SettingsView.swift; sourceTree = "<group>"; };
		A2000000000000000000000B /* Assets.xcassets */ = {isa = PBXFileReference; lastKnownFileType = folder.assetcatalog; path = Resources/Assets.xcassets; sourceTree = "<group>"; };
		A2000000000000000000000C /* PacketTunnelProvider.swift */ = {isa = PBXFileReference; lastKnownFileType = sourcecode.swift; path = PacketTunnelProvider.swift; sourceTree = "<group>"; };
		A2000000000000000000000D /* MobileCoreBridge.swift */ = {isa = PBXFileReference; lastKnownFileType = sourcecode.swift; path = MobileCoreBridge.swift; sourceTree = "<group>"; };
		A2000000000000000000000E /* WeaveIOS.entitlements */ = {isa = PBXFileReference; lastKnownFileType = text.plist.entitlements; path = WeaveIOS.entitlements; sourceTree = "<group>"; };
		A2000000000000000000000F /* PacketTunnel.entitlements */ = {isa = PBXFileReference; lastKnownFileType = text.plist.entitlements; path = PacketTunnel.entitlements; sourceTree = "<group>"; };
		A20000000000000000000010 /* Info.plist */ = {isa = PBXFileReference; lastKnownFileType = text.plist.xml; path = Resources/Info.plist; sourceTree = "<group>"; };
		A20000000000000000000011 /* Weave.app */ = {isa = PBXFileReference; explicitFileType = wrapper.application; includeInIndex = 0; path = Weave.app; sourceTree = BUILT_PRODUCTS_DIR; };
		A20000000000000000000012 /* WeavePacketTunnel.appex */ = {isa = PBXFileReference; explicitFileType = "wrapper.app-extension"; includeInIndex = 0; path = WeavePacketTunnel.appex; sourceTree = BUILT_PRODUCTS_DIR; };
		A20000000000000000000013 /* NetworkExtension.framework */ = {isa = PBXFileReference; lastKnownFileType = wrapper.framework; name = NetworkExtension.framework; path = System/Library/Frameworks/NetworkExtension.framework; sourceTree = SDKROOT; };
		A20000000000000000000014 /* VisionKit.framework */ = {isa = PBXFileReference; lastKnownFileType = wrapper.framework; name = VisionKit.framework; path = System/Library/Frameworks/VisionKit.framework; sourceTree = SDKROOT; };
		A20000000000000000000015 /* Vision.framework */ = {isa = PBXFileReference; lastKnownFileType = wrapper.framework; name = Vision.framework; path = System/Library/Frameworks/Vision.framework; sourceTree = SDKROOT; };
		A20000000000000000000016 /* PhotosUI.framework */ = {isa = PBXFileReference; lastKnownFileType = wrapper.framework; name = PhotosUI.framework; path = System/Library/Frameworks/PhotosUI.framework; sourceTree = SDKROOT; };
		A20000000000000000000017 /* CoreImage.framework */ = {isa = PBXFileReference; lastKnownFileType = wrapper.framework; name = CoreImage.framework; path = System/Library/Frameworks/CoreImage.framework; sourceTree = SDKROOT; };
		A20000000000000000000018 /* Info.plist */ = {isa = PBXFileReference; lastKnownFileType = text.plist.xml; path = Info.plist; sourceTree = "<group>"; };
/* End PBXFileReference section */

/* Begin PBXFrameworksBuildPhase section */
		A70000000000000000000001 /* Frameworks */ = {
			isa = PBXFrameworksBuildPhase;
			buildActionMask = 2147483647;
			files = (
				A1000000000000000000000F /* WeaveCore in Frameworks */,
				A10000000000000000000011 /* NetworkExtension.framework in Frameworks */,
				A10000000000000000000013 /* VisionKit.framework in Frameworks */,
				A10000000000000000000014 /* Vision.framework in Frameworks */,
				A10000000000000000000015 /* PhotosUI.framework in Frameworks */,
				A10000000000000000000016 /* CoreImage.framework in Frameworks */,
			);
			runOnlyForDeploymentPostprocessing = 0;
		};
		A70000000000000000000002 /* Frameworks */ = {
			isa = PBXFrameworksBuildPhase;
			buildActionMask = 2147483647;
			files = (
				A10000000000000000000010 /* WeaveCore in Frameworks */,
				A10000000000000000000012 /* NetworkExtension.framework in Frameworks */,
			);
			runOnlyForDeploymentPostprocessing = 0;
		};
/* End PBXFrameworksBuildPhase section */

/* Begin PBXGroup section */
		A80000000000000000000001 = {
			isa = PBXGroup;
			children = (
				A80000000000000000000002 /* WeaveIOS */,
				A80000000000000000000003 /* PacketTunnel */,
				A80000000000000000000004 /* Config */,
				A80000000000000000000005 /* Frameworks */,
				A80000000000000000000006 /* Products */,
			);
			sourceTree = "<group>";
		};
		A80000000000000000000002 /* WeaveIOS */ = {
			isa = PBXGroup;
			children = (
				A20000000000000000000001 /* WeaveIOSApp.swift */,
				A20000000000000000000002 /* AppModel.swift */,
				A20000000000000000000003 /* RootView.swift */,
				A20000000000000000000004 /* MonetGlass.swift */,
				A20000000000000000000005 /* TunnelManager.swift */,
				A20000000000000000000006 /* QRCodeServices.swift */,
				A20000000000000000000007 /* ConnectionView.swift */,
				A20000000000000000000008 /* RoutingView.swift */,
				A20000000000000000000009 /* SubscriptionsView.swift */,
				A2000000000000000000000A /* SettingsView.swift */,
				A2000000000000000000000B /* Assets.xcassets */,
				A20000000000000000000010 /* Info.plist */,
			);
			path = WeaveIOS;
			sourceTree = "<group>";
		};
		A80000000000000000000003 /* PacketTunnel */ = {
			isa = PBXGroup;
			children = (
				A2000000000000000000000C /* PacketTunnelProvider.swift */,
				A2000000000000000000000D /* MobileCoreBridge.swift */,
				A20000000000000000000018 /* Info.plist */,
			);
			path = PacketTunnel;
			sourceTree = "<group>";
		};
		A80000000000000000000004 /* Config */ = {
			isa = PBXGroup;
			children = (
				A2000000000000000000000E /* WeaveIOS.entitlements */,
				A2000000000000000000000F /* PacketTunnel.entitlements */,
			);
			path = Config;
			sourceTree = "<group>";
		};
		A80000000000000000000005 /* Frameworks */ = {
			isa = PBXGroup;
			children = (
				A20000000000000000000013 /* NetworkExtension.framework */,
				A20000000000000000000014 /* VisionKit.framework */,
				A20000000000000000000015 /* Vision.framework */,
				A20000000000000000000016 /* PhotosUI.framework */,
				A20000000000000000000017 /* CoreImage.framework */,
			);
			name = Frameworks;
			sourceTree = "<group>";
		};
		A80000000000000000000006 /* Products */ = {
			isa = PBXGroup;
			children = (
				A20000000000000000000011 /* Weave.app */,
				A20000000000000000000012 /* WeavePacketTunnel.appex */,
			);
			name = Products;
			sourceTree = "<group>";
		};
/* End PBXGroup section */

/* Begin PBXNativeTarget section */
		A50000000000000000000001 /* WeaveIOS */ = {
			isa = PBXNativeTarget;
			buildConfigurationList = AB0000000000000000000002 /* Build configuration list for PBXNativeTarget "WeaveIOS" */;
			buildPhases = (
				AC0000000000000000000001 /* Sources */,
				A70000000000000000000001 /* Frameworks */,
				AD0000000000000000000001 /* Resources */,
				A60000000000000000000001 /* Embed App Extensions */,
			);
			buildRules = ();
			dependencies = (AE0000000000000000000001 /* PBXTargetDependency */, );
			name = WeaveIOS;
			packageProductDependencies = (AA0000000000000000000001 /* WeaveCore */, );
			productName = Weave;
			productReference = A20000000000000000000011 /* Weave.app */;
			productType = "com.apple.product-type.application";
		};
		A50000000000000000000002 /* WeavePacketTunnel */ = {
			isa = PBXNativeTarget;
			buildConfigurationList = AB0000000000000000000003 /* Build configuration list for PBXNativeTarget "WeavePacketTunnel" */;
			buildPhases = (
				AC0000000000000000000002 /* Sources */,
				A70000000000000000000002 /* Frameworks */,
				AD0000000000000000000002 /* Resources */,
			);
			buildRules = ();
			dependencies = ();
			name = WeavePacketTunnel;
			packageProductDependencies = (AA0000000000000000000002 /* WeaveCore */, );
			productName = WeavePacketTunnel;
			productReference = A20000000000000000000012 /* WeavePacketTunnel.appex */;
			productType = "com.apple.product-type.app-extension";
		};
/* End PBXNativeTarget section */

/* Begin PBXProject section */
		A40000000000000000000001 /* Project object */ = {
			isa = PBXProject;
			attributes = {
				BuildIndependentTargetsInParallel = 1;
				LastSwiftUpdateCheck = 1600;
				LastUpgradeCheck = 1600;
				TargetAttributes = {
					A50000000000000000000001 = {CreatedOnToolsVersion = 16.0; };
					A50000000000000000000002 = {CreatedOnToolsVersion = 16.0; };
				};
			};
			buildConfigurationList = AB0000000000000000000001 /* Build configuration list for PBXProject "WeaveIOS" */;
			compatibilityVersion = "Xcode 15.0";
			developmentRegion = zh-Hans;
			hasScannedForEncodings = 0;
			knownRegions = (en, Base, "zh-Hans", );
			mainGroup = A80000000000000000000001;
			packageReferences = (AF0000000000000000000001 /* XCLocalSwiftPackageReference "WeaveCore" */, );
			productRefGroup = A80000000000000000000006 /* Products */;
			projectDirPath = "";
			projectRoot = "";
			targets = (A50000000000000000000001 /* WeaveIOS */, A50000000000000000000002 /* WeavePacketTunnel */, );
		};
/* End PBXProject section */

/* Begin PBXResourcesBuildPhase section */
		AD0000000000000000000001 /* Resources */ = {
			isa = PBXResourcesBuildPhase;
			buildActionMask = 2147483647;
			files = (A1000000000000000000000B /* Assets.xcassets in Resources */, );
			runOnlyForDeploymentPostprocessing = 0;
		};
		AD0000000000000000000002 /* Resources */ = {
			isa = PBXResourcesBuildPhase;
			buildActionMask = 2147483647;
			files = ();
			runOnlyForDeploymentPostprocessing = 0;
		};
/* End PBXResourcesBuildPhase section */

/* Begin PBXSourcesBuildPhase section */
		AC0000000000000000000001 /* Sources */ = {
			isa = PBXSourcesBuildPhase;
			buildActionMask = 2147483647;
			files = (
				A10000000000000000000001 /* WeaveIOSApp.swift in Sources */,
				A10000000000000000000002 /* AppModel.swift in Sources */,
				A10000000000000000000003 /* RootView.swift in Sources */,
				A10000000000000000000004 /* MonetGlass.swift in Sources */,
				A10000000000000000000005 /* TunnelManager.swift in Sources */,
				A10000000000000000000006 /* QRCodeServices.swift in Sources */,
				A10000000000000000000007 /* ConnectionView.swift in Sources */,
				A10000000000000000000008 /* RoutingView.swift in Sources */,
				A10000000000000000000009 /* SubscriptionsView.swift in Sources */,
				A1000000000000000000000A /* SettingsView.swift in Sources */,
			);
			runOnlyForDeploymentPostprocessing = 0;
		};
		AC0000000000000000000002 /* Sources */ = {
			isa = PBXSourcesBuildPhase;
			buildActionMask = 2147483647;
			files = (
				A1000000000000000000000C /* PacketTunnelProvider.swift in Sources */,
				A1000000000000000000000D /* MobileCoreBridge.swift in Sources */,
			);
			runOnlyForDeploymentPostprocessing = 0;
		};
/* End PBXSourcesBuildPhase section */

/* Begin PBXTargetDependency section */
		AE0000000000000000000001 /* PBXTargetDependency */ = {isa = PBXTargetDependency; target = A50000000000000000000002 /* WeavePacketTunnel */; targetProxy = A30000000000000000000001 /* PBXContainerItemProxy */; };
/* End PBXTargetDependency section */

/* Begin XCBuildConfiguration section */
		B10000000000000000000001 /* Debug */ = {isa = XCBuildConfiguration; buildSettings = {
			ALWAYS_SEARCH_USER_PATHS = NO;
			CLANG_ENABLE_MODULES = YES;
			CLANG_ENABLE_OBJC_ARC = YES;
			COPY_PHASE_STRIP = NO;
			DEBUG_INFORMATION_FORMAT = dwarf;
			ENABLE_TESTABILITY = YES;
			ENABLE_USER_SCRIPT_SANDBOXING = YES;
			GCC_C_LANGUAGE_STANDARD = gnu17;
			GCC_OPTIMIZATION_LEVEL = 0;
			IPHONEOS_DEPLOYMENT_TARGET = 17.0;
			ONLY_ACTIVE_ARCH = YES;
			SDKROOT = iphoneos;
			SWIFT_ACTIVE_COMPILATION_CONDITIONS = "DEBUG $(inherited)";
			SWIFT_OPTIMIZATION_LEVEL = "-Onone";
		}; name = Debug; };
		B10000000000000000000002 /* Release */ = {isa = XCBuildConfiguration; buildSettings = {
			ALWAYS_SEARCH_USER_PATHS = NO;
			CLANG_ENABLE_MODULES = YES;
			CLANG_ENABLE_OBJC_ARC = YES;
			COPY_PHASE_STRIP = YES;
			DEBUG_INFORMATION_FORMAT = "dwarf-with-dsym";
			ENABLE_NS_ASSERTIONS = NO;
			ENABLE_USER_SCRIPT_SANDBOXING = YES;
			GCC_C_LANGUAGE_STANDARD = gnu17;
			IPHONEOS_DEPLOYMENT_TARGET = 17.0;
			SDKROOT = iphoneos;
			SWIFT_COMPILATION_MODE = wholemodule;
			SWIFT_OPTIMIZATION_LEVEL = "-O";
			VALIDATE_PRODUCT = YES;
		}; name = Release; };
		B10000000000000000000003 /* Debug */ = {isa = XCBuildConfiguration; buildSettings = {
			ASSETCATALOG_COMPILER_APPICON_NAME = AppIcon;
			ASSETCATALOG_COMPILER_GLOBAL_ACCENT_COLOR_NAME = AccentColor;
			CODE_SIGN_ENTITLEMENTS = Config/WeaveIOS.entitlements;
			CODE_SIGN_STYLE = Automatic;
			CURRENT_PROJECT_VERSION = 1;
			DEVELOPMENT_TEAM = "";
			GENERATE_INFOPLIST_FILE = NO;
			INFOPLIST_FILE = WeaveIOS/Resources/Info.plist;
			LD_RUNPATH_SEARCH_PATHS = "$(inherited) @executable_path/Frameworks";
			MARKETING_VERSION = 0.1.0;
			PRODUCT_BUNDLE_IDENTIFIER = io.weave.client.ios;
			PRODUCT_NAME = Weave;
			SUPPORTED_PLATFORMS = "iphoneos iphonesimulator";
			SUPPORTS_MACCATALYST = NO;
			SWIFT_EMIT_LOC_STRINGS = YES;
			SWIFT_STRICT_CONCURRENCY = complete;
			SWIFT_VERSION = 6.0;
			TARGETED_DEVICE_FAMILY = 1;
		}; name = Debug; };
		B10000000000000000000004 /* Release */ = {isa = XCBuildConfiguration; buildSettings = {
			ASSETCATALOG_COMPILER_APPICON_NAME = AppIcon;
			ASSETCATALOG_COMPILER_GLOBAL_ACCENT_COLOR_NAME = AccentColor;
			CODE_SIGN_ENTITLEMENTS = Config/WeaveIOS.entitlements;
			CODE_SIGN_STYLE = Automatic;
			CURRENT_PROJECT_VERSION = 1;
			DEVELOPMENT_TEAM = "";
			GENERATE_INFOPLIST_FILE = NO;
			INFOPLIST_FILE = WeaveIOS/Resources/Info.plist;
			LD_RUNPATH_SEARCH_PATHS = "$(inherited) @executable_path/Frameworks";
			MARKETING_VERSION = 0.1.0;
			PRODUCT_BUNDLE_IDENTIFIER = io.weave.client.ios;
			PRODUCT_NAME = Weave;
			SUPPORTED_PLATFORMS = "iphoneos iphonesimulator";
			SUPPORTS_MACCATALYST = NO;
			SWIFT_EMIT_LOC_STRINGS = YES;
			SWIFT_STRICT_CONCURRENCY = complete;
			SWIFT_VERSION = 6.0;
			TARGETED_DEVICE_FAMILY = 1;
		}; name = Release; };
		B10000000000000000000005 /* Debug */ = {isa = XCBuildConfiguration; buildSettings = {
			APPLICATION_EXTENSION_API_ONLY = YES;
			CODE_SIGN_ENTITLEMENTS = Config/PacketTunnel.entitlements;
			CODE_SIGN_STYLE = Automatic;
			CURRENT_PROJECT_VERSION = 1;
			DEVELOPMENT_TEAM = "";
			GENERATE_INFOPLIST_FILE = NO;
			INFOPLIST_FILE = PacketTunnel/Info.plist;
			LD_RUNPATH_SEARCH_PATHS = "$(inherited) @executable_path/Frameworks @executable_path/../../Frameworks";
			MARKETING_VERSION = 0.1.0;
			PRODUCT_BUNDLE_IDENTIFIER = io.weave.client.ios.PacketTunnel;
			PRODUCT_NAME = WeavePacketTunnel;
			SKIP_INSTALL = YES;
			SUPPORTED_PLATFORMS = "iphoneos iphonesimulator";
			SWIFT_STRICT_CONCURRENCY = complete;
			SWIFT_VERSION = 6.0;
			TARGETED_DEVICE_FAMILY = 1;
		}; name = Debug; };
		B10000000000000000000006 /* Release */ = {isa = XCBuildConfiguration; buildSettings = {
			APPLICATION_EXTENSION_API_ONLY = YES;
			CODE_SIGN_ENTITLEMENTS = Config/PacketTunnel.entitlements;
			CODE_SIGN_STYLE = Automatic;
			CURRENT_PROJECT_VERSION = 1;
			DEVELOPMENT_TEAM = "";
			GENERATE_INFOPLIST_FILE = NO;
			INFOPLIST_FILE = PacketTunnel/Info.plist;
			LD_RUNPATH_SEARCH_PATHS = "$(inherited) @executable_path/Frameworks @executable_path/../../Frameworks";
			MARKETING_VERSION = 0.1.0;
			PRODUCT_BUNDLE_IDENTIFIER = io.weave.client.ios.PacketTunnel;
			PRODUCT_NAME = WeavePacketTunnel;
			SKIP_INSTALL = YES;
			SUPPORTED_PLATFORMS = "iphoneos iphonesimulator";
			SWIFT_STRICT_CONCURRENCY = complete;
			SWIFT_VERSION = 6.0;
			TARGETED_DEVICE_FAMILY = 1;
		}; name = Release; };
/* End XCBuildConfiguration section */

/* Begin XCConfigurationList section */
		AB0000000000000000000001 /* Build configuration list for PBXProject "WeaveIOS" */ = {isa = XCConfigurationList; buildConfigurations = (B10000000000000000000001 /* Debug */, B10000000000000000000002 /* Release */, ); defaultConfigurationIsVisible = 0; defaultConfigurationName = Release; };
		AB0000000000000000000002 /* Build configuration list for PBXNativeTarget "WeaveIOS" */ = {isa = XCConfigurationList; buildConfigurations = (B10000000000000000000003 /* Debug */, B10000000000000000000004 /* Release */, ); defaultConfigurationIsVisible = 0; defaultConfigurationName = Release; };
		AB0000000000000000000003 /* Build configuration list for PBXNativeTarget "WeavePacketTunnel" */ = {isa = XCConfigurationList; buildConfigurations = (B10000000000000000000005 /* Debug */, B10000000000000000000006 /* Release */, ); defaultConfigurationIsVisible = 0; defaultConfigurationName = Release; };
/* End XCConfigurationList section */

/* Begin XCLocalSwiftPackageReference section */
		AF0000000000000000000001 /* XCLocalSwiftPackageReference "WeaveCore" */ = {isa = XCLocalSwiftPackageReference; relativePath = WeaveCore; };
/* End XCLocalSwiftPackageReference section */

/* Begin XCSwiftPackageProductDependency section */
		AA0000000000000000000001 /* WeaveCore */ = {isa = XCSwiftPackageProductDependency; package = AF0000000000000000000001 /* XCLocalSwiftPackageReference "WeaveCore" */; productName = WeaveCore; };
		AA0000000000000000000002 /* WeaveCore */ = {isa = XCSwiftPackageProductDependency; package = AF0000000000000000000001 /* XCLocalSwiftPackageReference "WeaveCore" */; productName = WeaveCore; };
/* End XCSwiftPackageProductDependency section */
	};
	rootObject = A40000000000000000000001 /* Project object */;
}
